
Microsoft Visual Studio Solution File, Format Version 12.00
# Visual Studio Version 17
VisualStudioVersion = 17.4.33122.133
MinimumVisualStudioVersion = 10.0.40219.1
Project("{FAE04EC0-301F-11D3-BF4B-00C04F79EFBC}") = "fn-lwl-demo", "fn-lwl-demo\fn-lwl-demo.csproj", "{5E061B19-6E25-45AB-B755-E77BAB7699F9}"
EndProject
Global
	GlobalSection(SolutionConfigurationPlatforms) = preSolution
		Debug|Any CPU = Debug|Any CPU
		Release|Any CPU = Release|Any CPU
	EndGlobalSection
	GlobalSection(ProjectConfigurationPlatforms) = postSolution
		{5E061B19-6E25-45AB-B755-E77BAB7699F9}.Debug|Any CPU.ActiveCfg = Debug|Any CPU
		{5E061B19-6E25-45AB-B755-E77BAB7699F9}.Debug|Any CPU.Build.0 = Debug|Any CPU
		{5E061B19-6E25-45AB-B755-E77BAB7699F9}.Release|Any CPU.ActiveCfg = Release|Any CPU
		{5E061B19-6E25-45AB-B755-E77BAB7699F9}.Release|Any CPU.Build.0 = Release|Any CPU
	EndGlobalSection
	GlobalSection(SolutionProperties) = preSolution
		HideSolutionNode = FALSE
	EndGlobalSection
	GlobalSection(ExtensibilityGlobals) = postSolution
		SolutionGuid = {C7AEAF99-30A5-4A78-9B6A-5EB08187ADC1}
	EndGlobalSection
EndGlobal
